
Microsoft Visual Studio Solution File, Format Version 12.00
# Visual Studio Version 17
VisualStudioVersion = 17.7.34009.444
MinimumVisualStudioVersion = 10.0.40219.1
Project("{FAE04EC0-301F-11D3-BF4B-00C04F79EFBC}") = "HW_15", "HW_15\HW_15.csproj", "{48EAE44C-26E2-4D04-B5F3-16BBB40B2D7B}"
EndProject
Global
	GlobalSection(SolutionConfigurationPlatforms) = preSolution
		Debug|Any CPU = Debug|Any CPU
		Release|Any CPU = Release|Any CPU
	EndGlobalSection
	GlobalSection(ProjectConfigurationPlatforms) = postSolution
		{48EAE44C-26E2-4D04-B5F3-16BBB40B2D7B}.Debug|Any CPU.ActiveCfg = Debug|Any CPU
		{48EAE44C-26E2-4D04-B5F3-16BBB40B2D7B}.Debug|Any CPU.Build.0 = Debug|Any CPU
		{48EAE44C-26E2-4D04-B5F3-16BBB40B2D7B}.Release|Any CPU.ActiveCfg = Release|Any CPU
		{48EAE44C-26E2-4D04-B5F3-16BBB40B2D7B}.Release|Any CPU.Build.0 = Release|Any CPU
	EndGlobalSection
	GlobalSection(SolutionProperties) = preSolution
		HideSolutionNode = FALSE
	EndGlobalSection
	GlobalSection(ExtensibilityGlobals) = postSolution
		SolutionGuid = {40B3FF12-4EAB-4608-9501-7D9D0899BD37}
	EndGlobalSection
EndGlobal
